
Microsoft Visual Studio Solution File, Format Version 12.00
# Visual Studio Version 17
VisualStudioVersion = 17.1.32421.90
MinimumVisualStudioVersion = 10.0.40219.1
Project("{FAE04EC0-301F-11D3-BF4B-00C04F79EFBC}") = "ProductCatalogueProject", "ProductCatalogueProject\ProductCatalogueProject.csproj", "{C2046D35-BD0D-446B-B3AC-6D8ED1297924}"
EndProject
Global
	GlobalSection(SolutionConfigurationPlatforms) = preSolution
		Debug|Any CPU = Debug|Any CPU
		Release|Any CPU = Release|Any CPU
	EndGlobalSection
	GlobalSection(ProjectConfigurationPlatforms) = postSolution
		{C2046D35-BD0D-446B-B3AC-6D8ED1297924}.Debug|Any CPU.ActiveCfg = Debug|Any CPU
		{C2046D35-BD0D-446B-B3AC-6D8ED1297924}.Debug|Any CPU.Build.0 = Debug|Any CPU
		{C2046D35-BD0D-446B-B3AC-6D8ED1297924}.Release|Any CPU.ActiveCfg = Release|Any CPU
		{C2046D35-BD0D-446B-B3AC-6D8ED1297924}.Release|Any CPU.Build.0 = Release|Any CPU
	EndGlobalSection
	GlobalSection(SolutionProperties) = preSolution
		HideSolutionNode = FALSE
	EndGlobalSection
	GlobalSection(ExtensibilityGlobals) = postSolution
		SolutionGuid = {222039ED-F659-47DA-90EC-03B66F874E91}
	EndGlobalSection
EndGlobal
